
Microsoft Visual Studio Solution File, Format Version 12.00
# Visual Studio Version 17
VisualStudioVersion = 17.5.33516.290
MinimumVisualStudioVersion = 10.0.40219.1
Project("{FAE04EC0-301F-11D3-BF4B-00C04F79EFBC}") = "mission14", "mission14.csproj", "{9233B72F-2F2A-4C3A-917A-4A9948C56792}"
EndProject
Global
	GlobalSection(SolutionConfigurationPlatforms) = preSolution
		Debug|Any CPU = Debug|Any CPU
		Release|Any CPU = Release|Any CPU
	EndGlobalSection
	GlobalSection(ProjectConfigurationPlatforms) = postSolution
		{9233B72F-2F2A-4C3A-917A-4A9948C56792}.Debug|Any CPU.ActiveCfg = Debug|Any CPU
		{9233B72F-2F2A-4C3A-917A-4A9948C56792}.Debug|Any CPU.Build.0 = Debug|Any CPU
		{9233B72F-2F2A-4C3A-917A-4A9948C56792}.Release|Any CPU.ActiveCfg = Release|Any CPU
		{9233B72F-2F2A-4C3A-917A-4A9948C56792}.Release|Any CPU.Build.0 = Release|Any CPU
	EndGlobalSection
	GlobalSection(SolutionProperties) = preSolution
		HideSolutionNode = FALSE
	EndGlobalSection
	GlobalSection(ExtensibilityGlobals) = postSolution
		SolutionGuid = {38133590-47C1-437E-B7C4-3AE091F4B19C}
	EndGlobalSection
EndGlobal
